
Microsoft Visual Studio Solution File, Format Version 12.00
# Visual Studio Version 17
VisualStudioVersion = 17.0.31912.275
MinimumVisualStudioVersion = 10.0.40219.1
Project("{2150E333-8FDC-42A3-9474-1A3956D46DE8}") = "src", "src", "{827E0CD3-B72D-47B6-A68D-7590B98EB39B}"
EndProject
Project("{FAE04EC0-301F-11D3-BF4B-00C04F79EFBC}") = "RTUB.Core", "src\RTUB.Core\RTUB.Core.csproj", "{1DAE217D-5107-4887-B72C-BEF86EC86BE8}"
EndProject
Project("{FAE04EC0-301F-11D3-BF4B-00C04F79EFBC}") = "RTUB.Application", "src\RTUB.Application\RTUB.Application.csproj", "{238F6656-F78F-4634-8E4E-4D368BF4F57F}"
EndProject
Project("{FAE04EC0-301F-11D3-BF4B-00C04F79EFBC}") = "RTUB", "src\RTUB.Web\RTUB.csproj", "{DD2CEADF-23CF-4EBC-9F94-BEFD67DFEA79}"
EndProject
Project("{FAE04EC0-301F-11D3-BF4B-00C04F79EFBC}") = "RTUB.Core.Tests", "tests\RTUB.Core.Tests\RTUB.Core.Tests.csproj", "{2CC0AEB2-46BA-42FF-AE35-D9E0E721DC72}"
EndProject
Project("{FAE04EC0-301F-11D3-BF4B-00C04F79EFBC}") = "RTUB.Application.Tests", "tests\RTUB.Application.Tests\RTUB.Application.Tests.csproj", "{1447195C-5D20-4C81-A0BF-3F1F2684D3A1}"
EndProject
Project("{FAE04EC0-301F-11D3-BF4B-00C04F79EFBC}") = "RTUB.Web.Tests", "tests\RTUB.Web.Tests\RTUB.Web.Tests.csproj", "{F67C07B4-22E7-4F1C-BEC9-63D75A1096CE}"
EndProject
Project("{2150E333-8FDC-42A3-9474-1A3956D46DE8}") = "tests", "tests", "{02EA681E-C7D8-13C7-8484-4AC65E1B71E8}"
EndProject
Project("{FAE04EC0-301F-11D3-BF4B-00C04F79EFBC}") = "RTUB.Shared", "src\RTUB.Shared\RTUB.Shared.csproj", "{DC35604C-A665-4EDA-9435-B7D51978009A}"
EndProject
Project("{FAE04EC0-301F-11D3-BF4B-00C04F79EFBC}") = "RTUB.Shared.Tests", "tests\RTUB.Shared.Tests\RTUB.Shared.Tests.csproj", "{379D22AE-6386-49C7-98C5-68141FB41591}"
EndProject
Project("{FAE04EC0-301F-11D3-BF4B-00C04F79EFBC}") = "RTUB.Integration.Tests", "tests\RTUB.Integration.Tests\RTUB.Integration.Tests.csproj", "{D70CB4C0-53E8-4ECD-8DEB-8C7557DC2991}"
EndProject
Global
	GlobalSection(SolutionConfigurationPlatforms) = preSolution
		Debug|Any CPU = Debug|Any CPU
		Debug|x64 = Debug|x64
		Debug|x86 = Debug|x86
		Release|Any CPU = Release|Any CPU
		Release|x64 = Release|x64
		Release|x86 = Release|x86
	EndGlobalSection
	GlobalSection(ProjectConfigurationPlatforms) = postSolution
		{1DAE217D-5107-4887-B72C-BEF86EC86BE8}.Debug|Any CPU.ActiveCfg = Debug|Any CPU
		{1DAE217D-5107-4887-B72C-BEF86EC86BE8}.Debug|Any CPU.Build.0 = Debug|Any CPU
		{1DAE217D-5107-4887-B72C-BEF86EC86BE8}.Debug|x64.ActiveCfg = Debug|Any CPU
		{1DAE217D-5107-4887-B72C-BEF86EC86BE8}.Debug|x64.Build.0 = Debug|Any CPU
		{1DAE217D-5107-4887-B72C-BEF86EC86BE8}.Debug|x86.ActiveCfg = Debug|Any CPU
		{1DAE217D-5107-4887-B72C-BEF86EC86BE8}.Debug|x86.Build.0 = Debug|Any CPU
		{1DAE217D-5107-4887-B72C-BEF86EC86BE8}.Release|Any CPU.ActiveCfg = Release|Any CPU
		{1DAE217D-5107-4887-B72C-BEF86EC86BE8}.Release|Any CPU.Build.0 = Release|Any CPU
		{1DAE217D-5107-4887-B72C-BEF86EC86BE8}.Release|x64.ActiveCfg = Release|Any CPU
		{1DAE217D-5107-4887-B72C-BEF86EC86BE8}.Release|x64.Build.0 = Release|Any CPU
		{1DAE217D-5107-4887-B72C-BEF86EC86BE8}.Release|x86.ActiveCfg = Release|Any CPU
		{1DAE217D-5107-4887-B72C-BEF86EC86BE8}.Release|x86.Build.0 = Release|Any CPU
		{238F6656-F78F-4634-8E4E-4D368BF4F57F}.Debug|Any CPU.ActiveCfg = Debug|Any CPU
		{238F6656-F78F-4634-8E4E-4D368BF4F57F}.Debug|Any CPU.Build.0 = Debug|Any CPU
		{238F6656-F78F-4634-8E4E-4D368BF4F57F}.Debug|x64.ActiveCfg = Debug|Any CPU
		{238F6656-F78F-4634-8E4E-4D368BF4F57F}.Debug|x64.Build.0 = Debug|Any CPU
		{238F6656-F78F-4634-8E4E-4D368BF4F57F}.Debug|x86.ActiveCfg = Debug|Any CPU
		{238F6656-F78F-4634-8E4E-4D368BF4F57F}.Debug|x86.Build.0 = Debug|Any CPU
		{238F6656-F78F-4634-8E4E-4D368BF4F57F}.Release|Any CPU.ActiveCfg = Release|Any CPU
		{238F6656-F78F-4634-8E4E-4D368BF4F57F}.Release|Any CPU.Build.0 = Release|Any CPU
		{238F6656-F78F-4634-8E4E-4D368BF4F57F}.Release|x64.ActiveCfg = Release|Any CPU
		{238F6656-F78F-4634-8E4E-4D368BF4F57F}.Release|x64.Build.0 = Release|Any CPU
		{238F6656-F78F-4634-8E4E-4D368BF4F57F}.Release|x86.ActiveCfg = Release|Any CPU
		{238F6656-F78F-4634-8E4E-4D368BF4F57F}.Release|x86.Build.0 = Release|Any CPU
		{DD2CEADF-23CF-4EBC-9F94-BEFD67DFEA79}.Debug|Any CPU.ActiveCfg = Debug|Any CPU
		{DD2CEADF-23CF-4EBC-9F94-BEFD67DFEA79}.Debug|Any CPU.Build.0 = Debug|Any CPU
		{DD2CEADF-23CF-4EBC-9F94-BEFD67DFEA79}.Debug|x64.ActiveCfg = Debug|Any CPU
		{DD2CEADF-23CF-4EBC-9F94-BEFD67DFEA79}.Debug|x64.Build.0 = Debug|Any CPU
		{DD2CEADF-23CF-4EBC-9F94-BEFD67DFEA79}.Debug|x86.ActiveCfg = Debug|Any CPU
		{DD2CEADF-23CF-4EBC-9F94-BEFD67DFEA79}.Debug|x86.Build.0 = Debug|Any CPU
		{DD2CEADF-23CF-4EBC-9F94-BEFD67DFEA79}.Release|Any CPU.ActiveCfg = Release|Any CPU
		{DD2CEADF-23CF-4EBC-9F94-BEFD67DFEA79}.Release|Any CPU.Build.0 = Release|Any CPU
		{DD2CEADF-23CF-4EBC-9F94-BEFD67DFEA79}.Release|x64.ActiveCfg = Release|Any CPU
		{DD2CEADF-23CF-4EBC-9F94-BEFD67DFEA79}.Release|x64.Build.0 = Release|Any CPU
		{DD2CEADF-23CF-4EBC-9F94-BEFD67DFEA79}.Release|x86.ActiveCfg = Release|Any CPU
		{DD2CEADF-23CF-4EBC-9F94-BEFD67DFEA79}.Release|x86.Build.0 = Release|Any CPU
		{2CC0AEB2-46BA-42FF-AE35-D9E0E721DC72}.Debug|Any CPU.ActiveCfg = Debug|Any CPU
		{2CC0AEB2-46BA-42FF-AE35-D9E0E721DC72}.Debug|Any CPU.Build.0 = Debug|Any CPU
		{2CC0AEB2-46BA-42FF-AE35-D9E0E721DC72}.Debug|x64.ActiveCfg = Debug|Any CPU
		{2CC0AEB2-46BA-42FF-AE35-D9E0E721DC72}.Debug|x64.Build.0 = Debug|Any CPU
		{2CC0AEB2-46BA-42FF-AE35-D9E0E721DC72}.Debug|x86.ActiveCfg = Debug|Any CPU
		{2CC0AEB2-46BA-42FF-AE35-D9E0E721DC72}.Debug|x86.Build.0 = Debug|Any CPU
		{2CC0AEB2-46BA-42FF-AE35-D9E0E721DC72}.Release|Any CPU.ActiveCfg = Release|Any CPU
		{2CC0AEB2-46BA-42FF-AE35-D9E0E721DC72}.Release|Any CPU.Build.0 = Release|Any CPU
		{2CC0AEB2-46BA-42FF-AE35-D9E0E721DC72}.Release|x64.ActiveCfg = Release|Any CPU
		{2CC0AEB2-46BA-42FF-AE35-D9E0E721DC72}.Release|x64.Build.0 = Release|Any CPU
		{2CC0AEB2-46BA-42FF-AE35-D9E0E721DC72}.Release|x86.ActiveCfg = Release|Any CPU
		{2CC0AEB2-46BA-42FF-AE35-D9E0E721DC72}.Release|x86.Build.0 = Release|Any CPU
		{1447195C-5D20-4C81-A0BF-3F1F2684D3A1}.Debug|Any CPU.ActiveCfg = Debug|Any CPU
		{1447195C-5D20-4C81-A0BF-3F1F2684D3A1}.Debug|Any CPU.Build.0 = Debug|Any CPU
		{1447195C-5D20-4C81-A0BF-3F1F2684D3A1}.Debug|x64.ActiveCfg = Debug|Any CPU
		{1447195C-5D20-4C81-A0BF-3F1F2684D3A1}.Debug|x64.Build.0 = Debug|Any CPU
		{1447195C-5D20-4C81-A0BF-3F1F2684D3A1}.Debug|x86.ActiveCfg = Debug|Any CPU
		{1447195C-5D20-4C81-A0BF-3F1F2684D3A1}.Debug|x86.Build.0 = Debug|Any CPU
		{1447195C-5D20-4C81-A0BF-3F1F2684D3A1}.Release|Any CPU.ActiveCfg = Release|Any CPU
		{1447195C-5D20-4C81-A0BF-3F1F2684D3A1}.Release|Any CPU.Build.0 = Release|Any CPU
		{1447195C-5D20-4C81-A0BF-3F1F2684D3A1}.Release|x64.ActiveCfg = Release|Any CPU
		{1447195C-5D20-4C81-A0BF-3F1F2684D3A1}.Release|x64.Build.0 = Release|Any CPU
		{1447195C-5D20-4C81-A0BF-3F1F2684D3A1}.Release|x86.ActiveCfg = Release|Any CPU
		{1447195C-5D20-4C81-A0BF-3F1F2684D3A1}.Release|x86.Build.0 = Release|Any CPU
		{F67C07B4-22E7-4F1C-BEC9-63D75A1096CE}.Debug|Any CPU.ActiveCfg = Debug|Any CPU
		{F67C07B4-22E7-4F1C-BEC9-63D75A1096CE}.Debug|Any CPU.Build.0 = Debug|Any CPU
		{F67C07B4-22E7-4F1C-BEC9-63D75A1096CE}.Debug|x64.ActiveCfg = Debug|Any CPU
		{F67C07B4-22E7-4F1C-BEC9-63D75A1096CE}.Debug|x64.Build.0 = Debug|Any CPU
		{F67C07B4-22E7-4F1C-BEC9-63D75A1096CE}.Debug|x86.ActiveCfg = Debug|Any CPU
		{F67C07B4-22E7-4F1C-BEC9-63D75A1096CE}.Debug|x86.Build.0 = Debug|Any CPU
		{F67C07B4-22E7-4F1C-BEC9-63D75A1096CE}.Release|Any CPU.ActiveCfg = Release|Any CPU
		{F67C07B4-22E7-4F1C-BEC9-63D75A1096CE}.Release|Any CPU.Build.0 = Release|Any CPU
		{F67C07B4-22E7-4F1C-BEC9-63D75A1096CE}.Release|x64.ActiveCfg = Release|Any CPU
		{F67C07B4-22E7-4F1C-BEC9-63D75A1096CE}.Release|x64.Build.0 = Release|Any CPU
		{F67C07B4-22E7-4F1C-BEC9-63D75A1096CE}.Release|x86.ActiveCfg = Release|Any CPU
		{F67C07B4-22E7-4F1C-BEC9-63D75A1096CE}.Release|x86.Build.0 = Release|Any CPU
		{DC35604C-A665-4EDA-9435-B7D51978009A}.Debug|Any CPU.ActiveCfg = Debug|Any CPU
		{DC35604C-A665-4EDA-9435-B7D51978009A}.Debug|Any CPU.Build.0 = Debug|Any CPU
		{DC35604C-A665-4EDA-9435-B7D51978009A}.Debug|x64.ActiveCfg = Debug|Any CPU
		{DC35604C-A665-4EDA-9435-B7D51978009A}.Debug|x64.Build.0 = Debug|Any CPU
		{DC35604C-A665-4EDA-9435-B7D51978009A}.Debug|x86.ActiveCfg = Debug|Any CPU
		{DC35604C-A665-4EDA-9435-B7D51978009A}.Debug|x86.Build.0 = Debug|Any CPU
		{DC35604C-A665-4EDA-9435-B7D51978009A}.Release|Any CPU.ActiveCfg = Release|Any CPU
		{DC35604C-A665-4EDA-9435-B7D51978009A}.Release|Any CPU.Build.0 = Release|Any CPU
		{DC35604C-A665-4EDA-9435-B7D51978009A}.Release|x64.ActiveCfg = Release|Any CPU
		{DC35604C-A665-4EDA-9435-B7D51978009A}.Release|x64.Build.0 = Release|Any CPU
		{DC35604C-A665-4EDA-9435-B7D51978009A}.Release|x86.ActiveCfg = Release|Any CPU
		{DC35604C-A665-4EDA-9435-B7D51978009A}.Release|x86.Build.0 = Release|Any CPU
		{379D22AE-6386-49C7-98C5-68141FB41591}.Debug|Any CPU.ActiveCfg = Debug|Any CPU
		{379D22AE-6386-49C7-98C5-68141FB41591}.Debug|Any CPU.Build.0 = Debug|Any CPU
		{379D22AE-6386-49C7-98C5-68141FB41591}.Debug|x64.ActiveCfg = Debug|Any CPU
		{379D22AE-6386-49C7-98C5-68141FB41591}.Debug|x64.Build.0 = Debug|Any CPU
		{379D22AE-6386-49C7-98C5-68141FB41591}.Debug|x86.ActiveCfg = Debug|Any CPU
		{379D22AE-6386-49C7-98C5-68141FB41591}.Debug|x86.Build.0 = Debug|Any CPU
		{379D22AE-6386-49C7-98C5-68141FB41591}.Release|Any CPU.ActiveCfg = Release|Any CPU
		{379D22AE-6386-49C7-98C5-68141FB41591}.Release|Any CPU.Build.0 = Release|Any CPU
		{379D22AE-6386-49C7-98C5-68141FB41591}.Release|x64.ActiveCfg = Release|Any CPU
		{379D22AE-6386-49C7-98C5-68141FB41591}.Release|x64.Build.0 = Release|Any CPU
		{379D22AE-6386-49C7-98C5-68141FB41591}.Release|x86.ActiveCfg = Release|Any CPU
		{379D22AE-6386-49C7-98C5-68141FB41591}.Release|x86.Build.0 = Release|Any CPU
		{D70CB4C0-53E8-4ECD-8DEB-8C7557DC2991}.Debug|Any CPU.ActiveCfg = Debug|Any CPU
		{D70CB4C0-53E8-4ECD-8DEB-8C7557DC2991}.Debug|Any CPU.Build.0 = Debug|Any CPU
		{D70CB4C0-53E8-4ECD-8DEB-8C7557DC2991}.Debug|x64.ActiveCfg = Debug|Any CPU
		{D70CB4C0-53E8-4ECD-8DEB-8C7557DC2991}.Debug|x64.Build.0 = Debug|Any CPU
		{D70CB4C0-53E8-4ECD-8DEB-8C7557DC2991}.Debug|x86.ActiveCfg = Debug|Any CPU
		{D70CB4C0-53E8-4ECD-8DEB-8C7557DC2991}.Debug|x86.Build.0 = Debug|Any CPU
		{D70CB4C0-53E8-4ECD-8DEB-8C7557DC2991}.Release|Any CPU.ActiveCfg = Release|Any CPU
		{D70CB4C0-53E8-4ECD-8DEB-8C7557DC2991}.Release|Any CPU.Build.0 = Release|Any CPU
		{D70CB4C0-53E8-4ECD-8DEB-8C7557DC2991}.Release|x64.ActiveCfg = Release|Any CPU
		{D70CB4C0-53E8-4ECD-8DEB-8C7557DC2991}.Release|x64.Build.0 = Release|Any CPU
		{D70CB4C0-53E8-4ECD-8DEB-8C7557DC2991}.Release|x86.ActiveCfg = Release|Any CPU
		{D70CB4C0-53E8-4ECD-8DEB-8C7557DC2991}.Release|x86.Build.0 = Release|Any CPU
	EndGlobalSection
	GlobalSection(SolutionProperties) = preSolution
		HideSolutionNode = FALSE
	EndGlobalSection
	GlobalSection(NestedProjects) = preSolution
		{1DAE217D-5107-4887-B72C-BEF86EC86BE8} = {827E0CD3-B72D-47B6-A68D-7590B98EB39B}
		{238F6656-F78F-4634-8E4E-4D368BF4F57F} = {827E0CD3-B72D-47B6-A68D-7590B98EB39B}
		{DD2CEADF-23CF-4EBC-9F94-BEFD67DFEA79} = {827E0CD3-B72D-47B6-A68D-7590B98EB39B}
		{2CC0AEB2-46BA-42FF-AE35-D9E0E721DC72} = {02EA681E-C7D8-13C7-8484-4AC65E1B71E8}
		{1447195C-5D20-4C81-A0BF-3F1F2684D3A1} = {02EA681E-C7D8-13C7-8484-4AC65E1B71E8}
		{F67C07B4-22E7-4F1C-BEC9-63D75A1096CE} = {02EA681E-C7D8-13C7-8484-4AC65E1B71E8}
		{DC35604C-A665-4EDA-9435-B7D51978009A} = {827E0CD3-B72D-47B6-A68D-7590B98EB39B}
		{379D22AE-6386-49C7-98C5-68141FB41591} = {02EA681E-C7D8-13C7-8484-4AC65E1B71E8}
		{D70CB4C0-53E8-4ECD-8DEB-8C7557DC2991} = {02EA681E-C7D8-13C7-8484-4AC65E1B71E8}
	EndGlobalSection
EndGlobal
